
Microsoft Visual Studio Solution File, Format Version 12.00
# Visual Studio 15
VisualStudioVersion = 15.0.27703.2026
MinimumVisualStudioVersion = 10.0.40219.1
Project("{FAE04EC0-301F-11D3-BF4B-00C04F79EFBC}") = "RestSharpTV", "RestSharpTV\RestSharpTV.csproj", "{BEDD6B5C-2F76-4823-9710-06EE5047F6DA}"
EndProject
Global
	GlobalSection(SolutionConfigurationPlatforms) = preSolution
		Debug|Any CPU = Debug|Any CPU
		Release|Any CPU = Release|Any CPU
	EndGlobalSection
	GlobalSection(ProjectConfigurationPlatforms) = postSolution
		{BEDD6B5C-2F76-4823-9710-06EE5047F6DA}.Debug|Any CPU.ActiveCfg = Debug|Any CPU
		{BEDD6B5C-2F76-4823-9710-06EE5047F6DA}.Debug|Any CPU.Build.0 = Debug|Any CPU
		{BEDD6B5C-2F76-4823-9710-06EE5047F6DA}.Release|Any CPU.ActiveCfg = Release|Any CPU
		{BEDD6B5C-2F76-4823-9710-06EE5047F6DA}.Release|Any CPU.Build.0 = Release|Any CPU
	EndGlobalSection
	GlobalSection(SolutionProperties) = preSolution
		HideSolutionNode = FALSE
	EndGlobalSection
	GlobalSection(ExtensibilityGlobals) = postSolution
		SolutionGuid = {F1EBEBE9-9DD1-4382-B4AC-A59FB2980536}
	EndGlobalSection
EndGlobal
